
Microsoft Visual Studio Solution File, Format Version 12.00
# Visual Studio Version 16
VisualStudioVersion = 16.0.31112.23
MinimumVisualStudioVersion = 10.0.40219.1
Project("{FAE04EC0-301F-11D3-BF4B-00C04F79EFBC}") = "CommonModelFilterSwagger", "CommonModelFilterSwagger\CommonModelFilterSwagger.csproj", "{430C504D-FF60-404C-847C-413A0494500C}"
EndProject
Project("{FAE04EC0-301F-11D3-BF4B-00C04F79EFBC}") = "Data", "Data\Data.csproj", "{E3DBF1F4-0172-4FFE-A4A5-D30376D89DD4}"
EndProject
Project("{FAE04EC0-301F-11D3-BF4B-00C04F79EFBC}") = "Process", "Process\Process.csproj", "{27702631-6EC7-469C-A207-F81E8DB416AE}"
EndProject
Global
	GlobalSection(SolutionConfigurationPlatforms) = preSolution
		Debug|Any CPU = Debug|Any CPU
		Release|Any CPU = Release|Any CPU
	EndGlobalSection
	GlobalSection(ProjectConfigurationPlatforms) = postSolution
		{430C504D-FF60-404C-847C-413A0494500C}.Debug|Any CPU.ActiveCfg = Debug|Any CPU
		{430C504D-FF60-404C-847C-413A0494500C}.Debug|Any CPU.Build.0 = Debug|Any CPU
		{430C504D-FF60-404C-847C-413A0494500C}.Release|Any CPU.ActiveCfg = Release|Any CPU
		{430C504D-FF60-404C-847C-413A0494500C}.Release|Any CPU.Build.0 = Release|Any CPU
		{E3DBF1F4-0172-4FFE-A4A5-D30376D89DD4}.Debug|Any CPU.ActiveCfg = Debug|Any CPU
		{E3DBF1F4-0172-4FFE-A4A5-D30376D89DD4}.Debug|Any CPU.Build.0 = Debug|Any CPU
		{E3DBF1F4-0172-4FFE-A4A5-D30376D89DD4}.Release|Any CPU.ActiveCfg = Release|Any CPU
		{E3DBF1F4-0172-4FFE-A4A5-D30376D89DD4}.Release|Any CPU.Build.0 = Release|Any CPU
		{27702631-6EC7-469C-A207-F81E8DB416AE}.Debug|Any CPU.ActiveCfg = Debug|Any CPU
		{27702631-6EC7-469C-A207-F81E8DB416AE}.Debug|Any CPU.Build.0 = Debug|Any CPU
		{27702631-6EC7-469C-A207-F81E8DB416AE}.Release|Any CPU.ActiveCfg = Release|Any CPU
		{27702631-6EC7-469C-A207-F81E8DB416AE}.Release|Any CPU.Build.0 = Release|Any CPU
	EndGlobalSection
	GlobalSection(SolutionProperties) = preSolution
		HideSolutionNode = FALSE
	EndGlobalSection
	GlobalSection(ExtensibilityGlobals) = postSolution
		SolutionGuid = {273700FA-E2FA-4D98-ADF9-078E9FCA1092}
	EndGlobalSection
EndGlobal
